
Microsoft Visual Studio Solution File, Format Version 11.00
# Visual Studio 2010
Project("{FAE04EC0-301F-11D3-BF4B-00C04F79EFBC}") = "GameCardr", "GameCardr\GameCardr.csproj", "{05836B77-81EA-43CD-845A-705199931413}"
EndProject
Project("{FAE04EC0-301F-11D3-BF4B-00C04F79EFBC}") = "WatermarkTextbox", "WatermarkTextbox\WatermarkTextbox.csproj", "{1540C5F9-B816-4AFF-84DA-41ADEF746E84}"
EndProject
Global
	GlobalSection(SolutionConfigurationPlatforms) = preSolution
		Debug|Any CPU = Debug|Any CPU
		Release|Any CPU = Release|Any CPU
	EndGlobalSection
	GlobalSection(ProjectConfigurationPlatforms) = postSolution
		{05836B77-81EA-43CD-845A-705199931413}.Debug|Any CPU.ActiveCfg = Debug|Any CPU
		{05836B77-81EA-43CD-845A-705199931413}.Debug|Any CPU.Build.0 = Debug|Any CPU
		{05836B77-81EA-43CD-845A-705199931413}.Debug|Any CPU.Deploy.0 = Debug|Any CPU
		{05836B77-81EA-43CD-845A-705199931413}.Release|Any CPU.ActiveCfg = Release|Any CPU
		{05836B77-81EA-43CD-845A-705199931413}.Release|Any CPU.Build.0 = Release|Any CPU
		{05836B77-81EA-43CD-845A-705199931413}.Release|Any CPU.Deploy.0 = Release|Any CPU
		{1540C5F9-B816-4AFF-84DA-41ADEF746E84}.Debug|Any CPU.ActiveCfg = Debug|Any CPU
		{1540C5F9-B816-4AFF-84DA-41ADEF746E84}.Debug|Any CPU.Build.0 = Debug|Any CPU
		{1540C5F9-B816-4AFF-84DA-41ADEF746E84}.Release|Any CPU.ActiveCfg = Release|Any CPU
		{1540C5F9-B816-4AFF-84DA-41ADEF746E84}.Release|Any CPU.Build.0 = Release|Any CPU
	EndGlobalSection
	GlobalSection(SolutionProperties) = preSolution
		HideSolutionNode = FALSE
	EndGlobalSection
EndGlobal
